// !$*UTF8*$!
{
	archiveVersion = 1;
	classes = {
	};
	objectVersion = 77;
	objects = {

/* Begin PBXContainerItemProxy section */
		A935328B2D8133E300C3015A /* PBXContainerItemProxy */ = {
			isa = PBXContainerItemProxy;
			containerPortal = A935326F2D8133E200C3015A /* Project object */;
			proxyType = 1;
			remoteGlobalIDString = A93532762D8133E200C3015A;
			remoteInfo = "Wide Camera";
		};
		A93532952D8133E400C3015A /* PBXContainerItemProxy */ = {
			isa = PBXContainerItemProxy;
			containerPortal = A935326F2D8133E200C3015A /* Project object */;
			proxyType = 1;
			remoteGlobalIDString = A93532762D8133E200C3015A;
			remoteInfo = "Wide Camera";
		};
/* End PBXContainerItemProxy section */

/* Begin PBXFileReference section */
		A93532772D8133E200C3015A /* Wide Camera.app */ = {isa = PBXFileReference; explicitFileType = wrapper.application; includeInIndex = 0; path = "Wide Camera.app"; sourceTree = BUILT_PRODUCTS_DIR; };
		A935328A2D8133E300C3015A /* Wide CameraTests.xctest */ = {isa = PBXFileReference; explicitFileType = wrapper.cfbundle; includeInIndex = 0; path = "Wide CameraTests.xctest"; sourceTree = BUILT_PRODUCTS_DIR; };
		A93532942D8133E400C3015A /* Wide CameraUITests.xctest */ = {isa = PBXFileReference; explicitFileType = wrapper.cfbundle; includeInIndex = 0; path = "Wide CameraUITests.xctest"; sourceTree = BUILT_PRODUCTS_DIR; };
/* End PBXFileReference section */

/* Begin PBXFileSystemSynchronizedRootGroup section */
		A93532792D8133E200C3015A /* Wide Camera */ = {
			isa = PBXFileSystemSynchronizedRootGroup;
			path = "Wide Camera";
			sourceTree = "<group>";
		};
		A935328D2D8133E300C3015A /* Wide CameraTests */ = {
			isa = PBXFileSystemSynchronizedRootGroup;
			path = "Wide CameraTests";
			sourceTree = "<group>";
		};
		A93532972D8133E400C3015A /* Wide CameraUITests */ = {
			isa = PBXFileSystemSynchronizedRootGroup;
			path = "Wide CameraUITests";
			sourceTree = "<group>";
		};
/* End PBXFileSystemSynchronizedRootGroup section */

/* Begin PBXFrameworksBuildPhase section */
		A93532742D8133E200C3015A /* Frameworks */ = {
			isa = PBXFrameworksBuildPhase;
			buildActionMask = 2147483647;
			files = (
			);
			runOnlyForDeploymentPostprocessing = 0;
		};
		A93532872D8133E300C3015A /* Frameworks */ = {
			isa = PBXFrameworksBuildPhase;
			buildActionMask = 2147483647;
			files = (
			);
			runOnlyForDeploymentPostprocessing = 0;
		};
		A93532912D8133E400C3015A /* Frameworks */ = {
			isa = PBXFrameworksBuildPhase;
			buildActionMask = 2147483647;
			files = (
			);
			runOnlyForDeploymentPostprocessing = 0;
		};
/* End PBXFrameworksBuildPhase section */

/* Begin PBXGroup section */
		A935326E2D8133E200C3015A = {
			isa = PBXGroup;
			children = (
				A93532792D8133E200C3015A /* Wide Camera */,
				A935328D2D8133E300C3015A /* Wide CameraTests */,
				A93532972D8133E400C3015A /* Wide CameraUITests */,
				A93532782D8133E200C3015A /* Products */,
			);
			sourceTree = "<group>";
		};
		A93532782D8133E200C3015A /* Products */ = {
			isa = PBXGroup;
			children = (
				A93532772D8133E200C3015A /* Wide Camera.app */,
				A935328A2D8133E300C3015A /* Wide CameraTests.xctest */,
				A93532942D8133E400C3015A /* Wide CameraUITests.xctest */,
			);
			name = Products;
			sourceTree = "<group>";
		};
/* End PBXGroup section */

/* Begin PBXNativeTarget section */
		A93532762D8133E200C3015A /* Wide Camera */ = {
			isa = PBXNativeTarget;
			buildConfigurationList = A935329E2D8133E400C3015A /* Build configuration list for PBXNativeTarget "Wide Camera" */;
			buildPhases = (
				A93532732D8133E200C3015A /* Sources */,
				A93532742D8133E200C3015A /* Frameworks */,
				A93532752D8133E200C3015A /* Resources */,
			);
			buildRules = (
			);
			dependencies = (
			);
			fileSystemSynchronizedGroups = (
				A93532792D8133E200C3015A /* Wide Camera */,
			);
			name = "Wide Camera";
			packageProductDependencies = (
			);
			productName = "Wide Camera";
			productReference = A93532772D8133E200C3015A /* Wide Camera.app */;
			productType = "com.apple.product-type.application";
		};
		A93532892D8133E300C3015A /* Wide CameraTests */ = {
			isa = PBXNativeTarget;
			buildConfigurationList = A93532A12D8133E400C3015A /* Build configuration list for PBXNativeTarget "Wide CameraTests" */;
			buildPhases = (
				A93532862D8133E300C3015A /* Sources */,
				A93532872D8133E300C3015A /* Frameworks */,
				A93532882D8133E300C3015A /* Resources */,
			);
			buildRules = (
			);
			dependencies = (
				A935328C2D8133E300C3015A /* PBXTargetDependency */,
			);
			fileSystemSynchronizedGroups = (
				A935328D2D8133E300C3015A /* Wide CameraTests */,
			);
			name = "Wide CameraTests";
			packageProductDependencies = (
			);
			productName = "Wide CameraTests";
			productReference = A935328A2D8133E300C3015A /* Wide CameraTests.xctest */;
			productType = "com.apple.product-type.bundle.unit-test";
		};
		A93532932D8133E400C3015A /* Wide CameraUITests */ = {
			isa = PBXNativeTarget;
			buildConfigurationList = A93532A42D8133E400C3015A /* Build configuration list for PBXNativeTarget "Wide CameraUITests" */;
			buildPhases = (
				A93532902D8133E400C3015A /* Sources */,
				A93532912D8133E400C3015A /* Frameworks */,
				A93532922D8133E400C3015A /* Resources */,
			);
			buildRules = (
			);
			dependencies = (
				A93532962D8133E400C3015A /* PBXTargetDependency */,
			);
			fileSystemSynchronizedGroups = (
				A93532972D8133E400C3015A /* Wide CameraUITests */,
			);
			name = "Wide CameraUITests";
			packageProductDependencies = (
			);
			productName = "Wide CameraUITests";
			productReference = A93532942D8133E400C3015A /* Wide CameraUITests.xctest */;
			productType = "com.apple.product-type.bundle.ui-testing";
		};
/* End PBXNativeTarget section */

/* Begin PBXProject section */
		A935326F2D8133E200C3015A /* Project object */ = {
			isa = PBXProject;
			attributes = {
				BuildIndependentTargetsInParallel = 1;
				LastSwiftUpdateCheck = 1620;
				LastUpgradeCheck = 1620;
				TargetAttributes = {
					A93532762D8133E200C3015A = {
						CreatedOnToolsVersion = 16.2;
					};
					A93532892D8133E300C3015A = {
						CreatedOnToolsVersion = 16.2;
						TestTargetID = A93532762D8133E200C3015A;
					};
					A93532932D8133E400C3015A = {
						CreatedOnToolsVersion = 16.2;
						TestTargetID = A93532762D8133E200C3015A;
					};
				};
			};
			buildConfigurationList = A93532722D8133E200C3015A /* Build configuration list for PBXProject "Wide Camera" */;
			developmentRegion = en;
			hasScannedForEncodings = 0;
			knownRegions = (
				en,
				Base,
			);
			mainGroup = A935326E2D8133E200C3015A;
			minimizedProjectReferenceProxies = 1;
			preferredProjectObjectVersion = 77;
			productRefGroup = A93532782D8133E200C3015A /* Products */;
			projectDirPath = "";
			projectRoot = "";
			targets = (
				A93532762D8133E200C3015A /* Wide Camera */,
				A93532892D8133E300C3015A /* Wide CameraTests */,
				A93532932D8133E400C3015A /* Wide CameraUITests */,
			);
		};
/* End PBXProject section */

/* Begin PBXResourcesBuildPhase section */
		A93532752D8133E200C3015A /* Resources */ = {
			isa = PBXResourcesBuildPhase;
			buildActionMask = 2147483647;
			files = (
			);
			runOnlyForDeploymentPostprocessing = 0;
		};
		A93532882D8133E300C3015A /* Resources */ = {
			isa = PBXResourcesBuildPhase;
			buildActionMask = 2147483647;
			files = (
			);
			runOnlyForDeploymentPostprocessing = 0;
		};
		A93532922D8133E400C3015A /* Resources */ = {
			isa = PBXResourcesBuildPhase;
			buildActionMask = 2147483647;
			files = (
			);
			runOnlyForDeploymentPostprocessing = 0;
		};
/* End PBXResourcesBuildPhase section */

/* Begin PBXSourcesBuildPhase section */
		A93532732D8133E200C3015A /* Sources */ = {
			isa = PBXSourcesBuildPhase;
			buildActionMask = 2147483647;
			files = (
			);
			runOnlyForDeploymentPostprocessing = 0;
		};
		A93532862D8133E300C3015A /* Sources */ = {
			isa = PBXSourcesBuildPhase;
			buildActionMask = 2147483647;
			files = (
			);
			runOnlyForDeploymentPostprocessing = 0;
		};
		A93532902D8133E400C3015A /* Sources */ = {
			isa = PBXSourcesBuildPhase;
			buildActionMask = 2147483647;
			files = (
			);
			runOnlyForDeploymentPostprocessing = 0;
		};
/* End PBXSourcesBuildPhase section */

/* Begin PBXTargetDependency section */
		A935328C2D8133E300C3015A /* PBXTargetDependency */ = {
			isa = PBXTargetDependency;
			target = A93532762D8133E200C3015A /* Wide Camera */;
			targetProxy = A935328B2D8133E300C3015A /* PBXContainerItemProxy */;
		};
		A93532962D8133E400C3015A /* PBXTargetDependency */ = {
			isa = PBXTargetDependency;
			target = A93532762D8133E200C3015A /* Wide Camera */;
			targetProxy = A93532952D8133E400C3015A /* PBXContainerItemProxy */;
		};
/* End PBXTargetDependency section */

/* Begin XCBuildConfiguration section */
		A935329C2D8133E400C3015A /* Debug */ = {
			isa = XCBuildConfiguration;
			buildSettings = {
				ALWAYS_SEARCH_USER_PATHS = NO;
				ASSETCATALOG_COMPILER_GENERATE_SWIFT_ASSET_SYMBOL_EXTENSIONS = YES;
				CLANG_ANALYZER_NONNULL = YES;
				CLANG_ANALYZER_NUMBER_OBJECT_CONVERSION = YES_AGGRESSIVE;
				CLANG_CXX_LANGUAGE_STANDARD = "gnu++20";
				CLANG_ENABLE_MODULES = YES;
				CLANG_ENABLE_OBJC_ARC = YES;
				CLANG_ENABLE_OBJC_WEAK = YES;
				CLANG_WARN_BLOCK_CAPTURE_AUTORELEASING = YES;
				CLANG_WARN_BOOL_CONVERSION = YES;
				CLANG_WARN_COMMA = YES;
				CLANG_WARN_CONSTANT_CONVERSION = YES;
				CLANG_WARN_DEPRECATED_OBJC_IMPLEMENTATIONS = YES;
				CLANG_WARN_DIRECT_OBJC_ISA_USAGE = YES_ERROR;
				CLANG_WARN_DOCUMENTATION_COMMENTS = YES;
				CLANG_WARN_EMPTY_BODY = YES;
				CLANG_WARN_ENUM_CONVERSION = YES;
				CLANG_WARN_INFINITE_RECURSION = YES;
				CLANG_WARN_INT_CONVERSION = YES;
				CLANG_WARN_NON_LITERAL_NULL_CONVERSION = YES;
				CLANG_WARN_OBJC_IMPLICIT_RETAIN_SELF = YES;
				CLANG_WARN_OBJC_LITERAL_CONVERSION = YES;
				CLANG_WARN_OBJC_ROOT_CLASS = YES_ERROR;
				CLANG_WARN_QUOTED_INCLUDE_IN_FRAMEWORK_HEADER = YES;
				CLANG_WARN_RANGE_LOOP_ANALYSIS = YES;
				CLANG_WARN_STRICT_PROTOTYPES = YES;
				CLANG_WARN_SUSPICIOUS_MOVE = YES;
				CLANG_WARN_UNGUARDED_AVAILABILITY = YES_AGGRESSIVE;
				CLANG_WARN_UNREACHABLE_CODE = YES;
				CLANG_WARN__DUPLICATE_METHOD_MATCH = YES;
				COPY_PHASE_STRIP = NO;
				DEBUG_INFORMATION_FORMAT = dwarf;
				ENABLE_STRICT_OBJC_MSGSEND = YES;
				ENABLE_TESTABILITY = YES;
				ENABLE_USER_SCRIPT_SANDBOXING = YES;
				GCC_C_LANGUAGE_STANDARD = gnu17;
				GCC_DYNAMIC_NO_PIC = NO;
				GCC_NO_COMMON_BLOCKS = YES;
				GCC_OPTIMIZATION_LEVEL = 0;
				GCC_PREPROCESSOR_DEFINITIONS = (
					"DEBUG=1",
					"$(inherited)",
				);
				GCC_WARN_64_TO_32_BIT_CONVERSION = YES;
				GCC_WARN_ABOUT_RETURN_TYPE = YES_ERROR;
				GCC_WARN_UNDECLARED_SELECTOR = YES;
				GCC_WARN_UNINITIALIZED_AUTOS = YES_AGGRESSIVE;
				GCC_WARN_UNUSED_FUNCTION = YES;
				GCC_WARN_UNUSED_VARIABLE = YES;
				LOCALIZATION_PREFERS_STRING_CATALOGS = YES;
				MACOSX_DEPLOYMENT_TARGET = 15.2;
				MTL_ENABLE_DEBUG_INFO = INCLUDE_SOURCE;
				MTL_FAST_MATH = YES;
				ONLY_ACTIVE_ARCH = YES;
				SDKROOT = macosx;
				SWIFT_ACTIVE_COMPILATION_CONDITIONS = "DEBUG $(inherited)";
				SWIFT_OPTIMIZATION_LEVEL = "-Onone";
			};
			name = Debug;
		};
		A935329D2D8133E400C3015A /* Release */ = {
			isa = XCBuildConfiguration;
			buildSettings = {
				ALWAYS_SEARCH_USER_PATHS = NO;
				ASSETCATALOG_COMPILER_GENERATE_SWIFT_ASSET_SYMBOL_EXTENSIONS = YES;
				CLANG_ANALYZER_NONNULL = YES;
				CLANG_ANALYZER_NUMBER_OBJECT_CONVERSION = YES_AGGRESSIVE;
				CLANG_CXX_LANGUAGE_STANDARD = "gnu++20";
				CLANG_ENABLE_MODULES = YES;
				CLANG_ENABLE_OBJC_ARC = YES;
				CLANG_ENABLE_OBJC_WEAK = YES;
				CLANG_WARN_BLOCK_CAPTURE_AUTORELEASING = YES;
				CLANG_WARN_BOOL_CONVERSION = YES;
				CLANG_WARN_COMMA = YES;
				CLANG_WARN_CONSTANT_CONVERSION = YES;
				CLANG_WARN_DEPRECATED_OBJC_IMPLEMENTATIONS = YES;
				CLANG_WARN_DIRECT_OBJC_ISA_USAGE = YES_ERROR;
				CLANG_WARN_DOCUMENTATION_COMMENTS = YES;
				CLANG_WARN_EMPTY_BODY = YES;
				CLANG_WARN_ENUM_CONVERSION = YES;
				CLANG_WARN_INFINITE_RECURSION = YES;
				CLANG_WARN_INT_CONVERSION = YES;
				CLANG_WARN_NON_LITERAL_NULL_CONVERSION = YES;
				CLANG_WARN_OBJC_IMPLICIT_RETAIN_SELF = YES;
				CLANG_WARN_OBJC_LITERAL_CONVERSION = YES;
				CLANG_WARN_OBJC_ROOT_CLASS = YES_ERROR;
				CLANG_WARN_QUOTED_INCLUDE_IN_FRAMEWORK_HEADER = YES;
				CLANG_WARN_RANGE_LOOP_ANALYSIS = YES;
				CLANG_WARN_STRICT_PROTOTYPES = YES;
				CLANG_WARN_SUSPICIOUS_MOVE = YES;
				CLANG_WARN_UNGUARDED_AVAILABILITY = YES_AGGRESSIVE;
				CLANG_WARN_UNREACHABLE_CODE = YES;
				CLANG_WARN__DUPLICATE_METHOD_MATCH = YES;
				COPY_PHASE_STRIP = NO;
				DEBUG_INFORMATION_FORMAT = "dwarf-with-dsym";
				ENABLE_NS_ASSERTIONS = NO;
				ENABLE_STRICT_OBJC_MSGSEND = YES;
				ENABLE_USER_SCRIPT_SANDBOXING = YES;
				GCC_C_LANGUAGE_STANDARD = gnu17;
				GCC_NO_COMMON_BLOCKS = YES;
				GCC_WARN_64_TO_32_BIT_CONVERSION = YES;
				GCC_WARN_ABOUT_RETURN_TYPE = YES_ERROR;
				GCC_WARN_UNDECLARED_SELECTOR = YES;
				GCC_WARN_UNINITIALIZED_AUTOS = YES_AGGRESSIVE;
				GCC_WARN_UNUSED_FUNCTION = YES;
				GCC_WARN_UNUSED_VARIABLE = YES;
				LOCALIZATION_PREFERS_STRING_CATALOGS = YES;
				MACOSX_DEPLOYMENT_TARGET = 15.2;
				MTL_ENABLE_DEBUG_INFO = NO;
				MTL_FAST_MATH = YES;
				SDKROOT = macosx;
				SWIFT_COMPILATION_MODE = wholemodule;
			};
			name = Release;
		};
		A935329F2D8133E400C3015A /* Debug */ = {
			isa = XCBuildConfiguration;
			buildSettings = {
				ASSETCATALOG_COMPILER_APPICON_NAME = AppIcon;
				ASSETCATALOG_COMPILER_GLOBAL_ACCENT_COLOR_NAME = AccentColor;
				CODE_SIGN_ENTITLEMENTS = "Wide Camera/Wide_Camera.entitlements";
				CODE_SIGN_STYLE = Automatic;
				COMBINE_HIDPI_IMAGES = YES;
				CURRENT_PROJECT_VERSION = 1;
				DEVELOPMENT_ASSET_PATHS = "\"Wide Camera/Preview Content\"";
				DEVELOPMENT_TEAM = 28E7EQR2Z7;
				ENABLE_PREVIEWS = YES;
				GENERATE_INFOPLIST_FILE = YES;
				INFOPLIST_FILE = "Wide-Camera-Info.plist";
				INFOPLIST_KEY_NSHumanReadableCopyright = "";
				LD_RUNPATH_SEARCH_PATHS = (
					"$(inherited)",
					"@executable_path/../Frameworks",
				);
				MACOSX_DEPLOYMENT_TARGET = 14.0;
				MARKETING_VERSION = 1.0;
				PRODUCT_BUNDLE_IDENTIFIER = "com.alan.Wide-Camera";
				PRODUCT_NAME = "$(TARGET_NAME)";
				SWIFT_EMIT_LOC_STRINGS = YES;
				SWIFT_VERSION = 5.0;
			};
			name = Debug;
		};
		A93532A02D8133E400C3015A /* Release */ = {
			isa = XCBuildConfiguration;
			buildSettings = {
				ASSETCATALOG_COMPILER_APPICON_NAME = AppIcon;
				ASSETCATALOG_COMPILER_GLOBAL_ACCENT_COLOR_NAME = AccentColor;
				CODE_SIGN_ENTITLEMENTS = "Wide Camera/Wide_Camera.entitlements";
				CODE_SIGN_STYLE = Automatic;
				COMBINE_HIDPI_IMAGES = YES;
				CURRENT_PROJECT_VERSION = 1;
				DEVELOPMENT_ASSET_PATHS = "\"Wide Camera/Preview Content\"";
				DEVELOPMENT_TEAM = 28E7EQR2Z7;
				ENABLE_PREVIEWS = YES;
				GENERATE_INFOPLIST_FILE = YES;
				INFOPLIST_FILE = "Wide-Camera-Info.plist";
				INFOPLIST_KEY_NSHumanReadableCopyright = "";
				LD_RUNPATH_SEARCH_PATHS = (
					"$(inherited)",
					"@executable_path/../Frameworks",
				);
				MACOSX_DEPLOYMENT_TARGET = 14.0;
				MARKETING_VERSION = 1.0;
				PRODUCT_BUNDLE_IDENTIFIER = "com.alan.Wide-Camera";
				PRODUCT_NAME = "$(TARGET_NAME)";
				SWIFT_EMIT_LOC_STRINGS = YES;
				SWIFT_VERSION = 5.0;
			};
			name = Release;
		};
		A93532A22D8133E400C3015A /* Debug */ = {
			isa = XCBuildConfiguration;
			buildSettings = {
				BUNDLE_LOADER = "$(TEST_HOST)";
				CODE_SIGN_STYLE = Automatic;
				CURRENT_PROJECT_VERSION = 1;
				GENERATE_INFOPLIST_FILE = YES;
				MACOSX_DEPLOYMENT_TARGET = 14.0;
				MARKETING_VERSION = 1.0;
				PRODUCT_BUNDLE_IDENTIFIER = "com.alan.Wide-CameraTests";
				PRODUCT_NAME = "$(TARGET_NAME)";
				SWIFT_EMIT_LOC_STRINGS = NO;
				SWIFT_VERSION = 5.0;
				TEST_HOST = "$(BUILT_PRODUCTS_DIR)/Wide Camera.app/$(BUNDLE_EXECUTABLE_FOLDER_PATH)/Wide Camera";
			};
			name = Debug;
		};
		A93532A32D8133E400C3015A /* Release */ = {
			isa = XCBuildConfiguration;
			buildSettings = {
				BUNDLE_LOADER = "$(TEST_HOST)";
				CODE_SIGN_STYLE = Automatic;
				CURRENT_PROJECT_VERSION = 1;
				GENERATE_INFOPLIST_FILE = YES;
				MACOSX_DEPLOYMENT_TARGET = 14.0;
				MARKETING_VERSION = 1.0;
				PRODUCT_BUNDLE_IDENTIFIER = "com.alan.Wide-CameraTests";
				PRODUCT_NAME = "$(TARGET_NAME)";
				SWIFT_EMIT_LOC_STRINGS = NO;
				SWIFT_VERSION = 5.0;
				TEST_HOST = "$(BUILT_PRODUCTS_DIR)/Wide Camera.app/$(BUNDLE_EXECUTABLE_FOLDER_PATH)/Wide Camera";
			};
			name = Release;
		};
		A93532A52D8133E400C3015A /* Debug */ = {
			isa = XCBuildConfiguration;
			buildSettings = {
				CODE_SIGN_STYLE = Automatic;
				CURRENT_PROJECT_VERSION = 1;
				GENERATE_INFOPLIST_FILE = YES;
				MARKETING_VERSION = 1.0;
				PRODUCT_BUNDLE_IDENTIFIER = "com.alan.Wide-CameraUITests";
				PRODUCT_NAME = "$(TARGET_NAME)";
				SWIFT_EMIT_LOC_STRINGS = NO;
				SWIFT_VERSION = 5.0;
				TEST_TARGET_NAME = "Wide Camera";
			};
			name = Debug;
		};
		A93532A62D8133E400C3015A /* Release */ = {
			isa = XCBuildConfiguration;
			buildSettings = {
				CODE_SIGN_STYLE = Automatic;
				CURRENT_PROJECT_VERSION = 1;
				GENERATE_INFOPLIST_FILE = YES;
				MARKETING_VERSION = 1.0;
				PRODUCT_BUNDLE_IDENTIFIER = "com.alan.Wide-CameraUITests";
				PRODUCT_NAME = "$(TARGET_NAME)";
				SWIFT_EMIT_LOC_STRINGS = NO;
				SWIFT_VERSION = 5.0;
				TEST_TARGET_NAME = "Wide Camera";
			};
			name = Release;
		};
/* End XCBuildConfiguration section */

/* Begin XCConfigurationList section */
		A93532722D8133E200C3015A /* Build configuration list for PBXProject "Wide Camera" */ = {
			isa = XCConfigurationList;
			buildConfigurations = (
				A935329C2D8133E400C3015A /* Debug */,
				A935329D2D8133E400C3015A /* Release */,
			);
			defaultConfigurationIsVisible = 0;
			defaultConfigurationName = Release;
		};
		A935329E2D8133E400C3015A /* Build configuration list for PBXNativeTarget "Wide Camera" */ = {
			isa = XCConfigurationList;
			buildConfigurations = (
				A935329F2D8133E400C3015A /* Debug */,
				A93532A02D8133E400C3015A /* Release */,
			);
			defaultConfigurationIsVisible = 0;
			defaultConfigurationName = Release;
		};
		A93532A12D8133E400C3015A /* Build configuration list for PBXNativeTarget "Wide CameraTests" */ = {
			isa = XCConfigurationList;
			buildConfigurations = (
				A93532A22D8133E400C3015A /* Debug */,
				A93532A32D8133E400C3015A /* Release */,
			);
			defaultConfigurationIsVisible = 0;
			defaultConfigurationName = Release;
		};
		A93532A42D8133E400C3015A /* Build configuration list for PBXNativeTarget "Wide CameraUITests" */ = {
			isa = XCConfigurationList;
			buildConfigurations = (
				A93532A52D8133E400C3015A /* Debug */,
				A93532A62D8133E400C3015A /* Release */,
			);
			defaultConfigurationIsVisible = 0;
			defaultConfigurationName = Release;
		};
/* End XCConfigurationList section */
	};
	rootObject = A935326F2D8133E200C3015A /* Project object */;
}
